
Microsoft Visual Studio Solution File, Format Version 12.00
# Visual Studio Version 17
VisualStudioVersion = 17.0.31903.59
MinimumVisualStudioVersion = 10.0.40219.1
Project("{2150E333-8FDC-42A3-9474-1A3956D46DE8}") = "Src", "Src", "{0E2B2CA3-979C-4FE5-A0D9-33C808690F1F}"
EndProject
Project("{2150E333-8FDC-42A3-9474-1A3956D46DE8}") = "Test", "Test", "{9C7EE4D8-0A99-401E-B166-EFCB5E8ED285}"
EndProject
Project("{FAE04EC0-301F-11D3-BF4B-00C04F79EFBC}") = "Web", "Src\Web\Web.csproj", "{B7EE7537-0190-4360-87B7-1871911DEB02}"
EndProject
Project("{FAE04EC0-301F-11D3-BF4B-00C04F79EFBC}") = "Application", "Src\Application\Application.csproj", "{3CA894A6-F0E6-4543-82C5-D2F5EBD4B247}"
EndProject
Project("{FAE04EC0-301F-11D3-BF4B-00C04F79EFBC}") = "Domain", "Src\Domain\Domain.csproj", "{A4DE95F1-A223-42F6-B163-1697B40955A0}"
EndProject
Project("{FAE04EC0-301F-11D3-BF4B-00C04F79EFBC}") = "Infrastructure", "Src\Infrastructure\Infrastructure.csproj", "{A09C6B76-A23D-4FEA-8F00-22747C24047B}"
EndProject
Global
	GlobalSection(SolutionConfigurationPlatforms) = preSolution
		Debug|Any CPU = Debug|Any CPU
		Release|Any CPU = Release|Any CPU
	EndGlobalSection
	GlobalSection(SolutionProperties) = preSolution
		HideSolutionNode = FALSE
	EndGlobalSection
	GlobalSection(NestedProjects) = preSolution
		{B7EE7537-0190-4360-87B7-1871911DEB02} = {0E2B2CA3-979C-4FE5-A0D9-33C808690F1F}
		{3CA894A6-F0E6-4543-82C5-D2F5EBD4B247} = {0E2B2CA3-979C-4FE5-A0D9-33C808690F1F}
		{A4DE95F1-A223-42F6-B163-1697B40955A0} = {0E2B2CA3-979C-4FE5-A0D9-33C808690F1F}
		{A09C6B76-A23D-4FEA-8F00-22747C24047B} = {0E2B2CA3-979C-4FE5-A0D9-33C808690F1F}
	EndGlobalSection
	GlobalSection(ProjectConfigurationPlatforms) = postSolution
		{B7EE7537-0190-4360-87B7-1871911DEB02}.Debug|Any CPU.ActiveCfg = Debug|Any CPU
		{B7EE7537-0190-4360-87B7-1871911DEB02}.Debug|Any CPU.Build.0 = Debug|Any CPU
		{B7EE7537-0190-4360-87B7-1871911DEB02}.Release|Any CPU.ActiveCfg = Release|Any CPU
		{B7EE7537-0190-4360-87B7-1871911DEB02}.Release|Any CPU.Build.0 = Release|Any CPU
		{3CA894A6-F0E6-4543-82C5-D2F5EBD4B247}.Debug|Any CPU.ActiveCfg = Debug|Any CPU
		{3CA894A6-F0E6-4543-82C5-D2F5EBD4B247}.Debug|Any CPU.Build.0 = Debug|Any CPU
		{3CA894A6-F0E6-4543-82C5-D2F5EBD4B247}.Release|Any CPU.ActiveCfg = Release|Any CPU
		{3CA894A6-F0E6-4543-82C5-D2F5EBD4B247}.Release|Any CPU.Build.0 = Release|Any CPU
		{A4DE95F1-A223-42F6-B163-1697B40955A0}.Debug|Any CPU.ActiveCfg = Debug|Any CPU
		{A4DE95F1-A223-42F6-B163-1697B40955A0}.Debug|Any CPU.Build.0 = Debug|Any CPU
		{A4DE95F1-A223-42F6-B163-1697B40955A0}.Release|Any CPU.ActiveCfg = Release|Any CPU
		{A4DE95F1-A223-42F6-B163-1697B40955A0}.Release|Any CPU.Build.0 = Release|Any CPU
		{A09C6B76-A23D-4FEA-8F00-22747C24047B}.Debug|Any CPU.ActiveCfg = Debug|Any CPU
		{A09C6B76-A23D-4FEA-8F00-22747C24047B}.Debug|Any CPU.Build.0 = Debug|Any CPU
		{A09C6B76-A23D-4FEA-8F00-22747C24047B}.Release|Any CPU.ActiveCfg = Release|Any CPU
		{A09C6B76-A23D-4FEA-8F00-22747C24047B}.Release|Any CPU.Build.0 = Release|Any CPU
	EndGlobalSection
EndGlobal
